
Microsoft Visual Studio Solution File, Format Version 12.00
# Visual Studio Version 17
VisualStudioVersion = 17.2.32630.192
MinimumVisualStudioVersion = 10.0.40219.1
Project("{FAE04EC0-301F-11D3-BF4B-00C04F79EFBC}") = "ConsoleProducer", "ConsoleProducer\ConsoleProducer.csproj", "{AF282476-2F60-419C-84C4-A2449EF8DE39}"
EndProject
Project("{FAE04EC0-301F-11D3-BF4B-00C04F79EFBC}") = "ConsoleConsumer", "ConsoleConsumer\ConsoleConsumer.csproj", "{F839751A-5CE7-423E-B634-C4029418936A}"
EndProject
Project("{FAE04EC0-301F-11D3-BF4B-00C04F79EFBC}") = "WebAPI", "WebAPI\WebAPI.csproj", "{1F124014-08F1-4677-94B4-66A87F6EF63D}"
EndProject
Project("{FAE04EC0-301F-11D3-BF4B-00C04F79EFBC}") = "WebAPI.OutboxWorkerService.Net8", "WebAPI.OutboxWorkerService\WebAPI.OutboxWorkerService.Net8.csproj", "{66D80E82-2DD9-4102-8C39-5A92595AE0D9}"
EndProject
Project("{FAE04EC0-301F-11D3-BF4B-00C04F79EFBC}") = "WebAPI.Messaging", "WebAPI.Messaging\WebAPI.Messaging.csproj", "{95C600ED-184B-4EF9-BD3B-1388CCC4C02C}"
EndProject
Global
	GlobalSection(SolutionConfigurationPlatforms) = preSolution
		Debug|Any CPU = Debug|Any CPU
		Release|Any CPU = Release|Any CPU
	EndGlobalSection
	GlobalSection(ProjectConfigurationPlatforms) = postSolution
		{AF282476-2F60-419C-84C4-A2449EF8DE39}.Debug|Any CPU.ActiveCfg = Debug|Any CPU
		{AF282476-2F60-419C-84C4-A2449EF8DE39}.Debug|Any CPU.Build.0 = Debug|Any CPU
		{AF282476-2F60-419C-84C4-A2449EF8DE39}.Release|Any CPU.ActiveCfg = Release|Any CPU
		{AF282476-2F60-419C-84C4-A2449EF8DE39}.Release|Any CPU.Build.0 = Release|Any CPU
		{F839751A-5CE7-423E-B634-C4029418936A}.Debug|Any CPU.ActiveCfg = Debug|Any CPU
		{F839751A-5CE7-423E-B634-C4029418936A}.Debug|Any CPU.Build.0 = Debug|Any CPU
		{F839751A-5CE7-423E-B634-C4029418936A}.Release|Any CPU.ActiveCfg = Release|Any CPU
		{F839751A-5CE7-423E-B634-C4029418936A}.Release|Any CPU.Build.0 = Release|Any CPU
		{1F124014-08F1-4677-94B4-66A87F6EF63D}.Debug|Any CPU.ActiveCfg = Debug|Any CPU
		{1F124014-08F1-4677-94B4-66A87F6EF63D}.Debug|Any CPU.Build.0 = Debug|Any CPU
		{1F124014-08F1-4677-94B4-66A87F6EF63D}.Release|Any CPU.ActiveCfg = Release|Any CPU
		{1F124014-08F1-4677-94B4-66A87F6EF63D}.Release|Any CPU.Build.0 = Release|Any CPU
		{66D80E82-2DD9-4102-8C39-5A92595AE0D9}.Debug|Any CPU.ActiveCfg = Debug|Any CPU
		{66D80E82-2DD9-4102-8C39-5A92595AE0D9}.Debug|Any CPU.Build.0 = Debug|Any CPU
		{66D80E82-2DD9-4102-8C39-5A92595AE0D9}.Release|Any CPU.ActiveCfg = Release|Any CPU
		{66D80E82-2DD9-4102-8C39-5A92595AE0D9}.Release|Any CPU.Build.0 = Release|Any CPU
		{95C600ED-184B-4EF9-BD3B-1388CCC4C02C}.Debug|Any CPU.ActiveCfg = Debug|Any CPU
		{95C600ED-184B-4EF9-BD3B-1388CCC4C02C}.Debug|Any CPU.Build.0 = Debug|Any CPU
		{95C600ED-184B-4EF9-BD3B-1388CCC4C02C}.Release|Any CPU.ActiveCfg = Release|Any CPU
		{95C600ED-184B-4EF9-BD3B-1388CCC4C02C}.Release|Any CPU.Build.0 = Release|Any CPU
	EndGlobalSection
	GlobalSection(SolutionProperties) = preSolution
		HideSolutionNode = FALSE
	EndGlobalSection
	GlobalSection(ExtensibilityGlobals) = postSolution
		SolutionGuid = {683379C9-1494-4F33-BF34-0073F05A031D}
	EndGlobalSection
EndGlobal
