
Microsoft Visual Studio Solution File, Format Version 12.00
# Visual Studio Version 17
VisualStudioVersion = 17.2.32630.192
MinimumVisualStudioVersion = 10.0.40219.1
Project("{FAE04EC0-301F-11D3-BF4B-00C04F79EFBC}") = "MonolithFw47", "MonolithFw47\MonolithFw47.csproj", "{F59E19DA-70CA-4523-9C82-0E84B2F4BCEA}"
EndProject
Global
	GlobalSection(SolutionConfigurationPlatforms) = preSolution
		Debug|Any CPU = Debug|Any CPU
		Release|Any CPU = Release|Any CPU
	EndGlobalSection
	GlobalSection(ProjectConfigurationPlatforms) = postSolution
		{F59E19DA-70CA-4523-9C82-0E84B2F4BCEA}.Debug|Any CPU.ActiveCfg = Debug|Any CPU
		{F59E19DA-70CA-4523-9C82-0E84B2F4BCEA}.Debug|Any CPU.Build.0 = Debug|Any CPU
		{F59E19DA-70CA-4523-9C82-0E84B2F4BCEA}.Release|Any CPU.ActiveCfg = Release|Any CPU
		{F59E19DA-70CA-4523-9C82-0E84B2F4BCEA}.Release|Any CPU.Build.0 = Release|Any CPU
	EndGlobalSection
	GlobalSection(SolutionProperties) = preSolution
		HideSolutionNode = FALSE
	EndGlobalSection
	GlobalSection(ExtensibilityGlobals) = postSolution
		SolutionGuid = {683379C9-1494-4F33-BF34-0073F05A031D}
	EndGlobalSection
EndGlobal
