
Microsoft Visual Studio Solution File, Format Version 12.00
# Visual Studio Version 17
VisualStudioVersion = 17.2.32630.192
MinimumVisualStudioVersion = 10.0.40219.1
Project("{2150E333-8FDC-42A3-9474-1A3956D46DE8}") = "NoteCreator", "NoteCreator", "{B40598F7-CDA8-47C8-93D6-CC7BA3AAF761}"
EndProject
Project("{2150E333-8FDC-42A3-9474-1A3956D46DE8}") = "NoteSigner", "NoteSigner", "{CAA3E305-2A33-4B25-81BE-7C178631AE67}"
EndProject
Project("{9A19103F-16F7-4668-BE54-9A1E7A4F7556}") = "MicroServices.NoteCreator.DataAccess", "NoteCreator\MicroServices.NoteCreator.DataAccess\MicroServices.NoteCreator.DataAccess.csproj", "{12F4D99D-5EB6-4382-9FF9-39485F6CA25D}"
EndProject
Project("{9A19103F-16F7-4668-BE54-9A1E7A4F7556}") = "MicroServices.NoteCreator.WebApp", "NoteCreator\MicroServices.NoteCreator.WebApp\MicroServices.NoteCreator.WebApp.csproj", "{A699C48F-6F2D-41FD-A646-FA32260CC5A0}"
EndProject
Project("{9A19103F-16F7-4668-BE54-9A1E7A4F7556}") = "MicroServices.NoteSigner.DataAccess", "NoteSigner\MicroServices.NoteSigner.DataAccess\MicroServices.NoteSigner.DataAccess.csproj", "{49BA0494-32AA-4495-9CCB-D7FEA2931319}"
EndProject
Project("{9A19103F-16F7-4668-BE54-9A1E7A4F7556}") = "MicroServices.NoteSigner.WebApp", "NoteSigner\MicroServices.NoteSigner.WebApp\MicroServices.NoteSigner.WebApp.csproj", "{88ED065F-5F34-4123-BDFC-4B99240F0FB2}"
EndProject
Project("{9A19103F-16F7-4668-BE54-9A1E7A4F7556}") = "MicroServices.NoteSigner.ConsoleApp", "NoteSigner\MicroServices.NoteSigner.ConsoleApp\MicroServices.NoteSigner.ConsoleApp.csproj", "{068AF9A5-2476-423A-8FD9-06915D22B877}"
EndProject
Global
	GlobalSection(SolutionConfigurationPlatforms) = preSolution
		Debug|Any CPU = Debug|Any CPU
		Release|Any CPU = Release|Any CPU
	EndGlobalSection
	GlobalSection(ProjectConfigurationPlatforms) = postSolution
		{12F4D99D-5EB6-4382-9FF9-39485F6CA25D}.Debug|Any CPU.ActiveCfg = Debug|Any CPU
		{12F4D99D-5EB6-4382-9FF9-39485F6CA25D}.Debug|Any CPU.Build.0 = Debug|Any CPU
		{12F4D99D-5EB6-4382-9FF9-39485F6CA25D}.Release|Any CPU.ActiveCfg = Release|Any CPU
		{12F4D99D-5EB6-4382-9FF9-39485F6CA25D}.Release|Any CPU.Build.0 = Release|Any CPU
		{A699C48F-6F2D-41FD-A646-FA32260CC5A0}.Debug|Any CPU.ActiveCfg = Debug|Any CPU
		{A699C48F-6F2D-41FD-A646-FA32260CC5A0}.Debug|Any CPU.Build.0 = Debug|Any CPU
		{A699C48F-6F2D-41FD-A646-FA32260CC5A0}.Release|Any CPU.ActiveCfg = Release|Any CPU
		{A699C48F-6F2D-41FD-A646-FA32260CC5A0}.Release|Any CPU.Build.0 = Release|Any CPU
		{49BA0494-32AA-4495-9CCB-D7FEA2931319}.Debug|Any CPU.ActiveCfg = Debug|Any CPU
		{49BA0494-32AA-4495-9CCB-D7FEA2931319}.Debug|Any CPU.Build.0 = Debug|Any CPU
		{49BA0494-32AA-4495-9CCB-D7FEA2931319}.Release|Any CPU.ActiveCfg = Release|Any CPU
		{49BA0494-32AA-4495-9CCB-D7FEA2931319}.Release|Any CPU.Build.0 = Release|Any CPU
		{88ED065F-5F34-4123-BDFC-4B99240F0FB2}.Debug|Any CPU.ActiveCfg = Debug|Any CPU
		{88ED065F-5F34-4123-BDFC-4B99240F0FB2}.Debug|Any CPU.Build.0 = Debug|Any CPU
		{88ED065F-5F34-4123-BDFC-4B99240F0FB2}.Release|Any CPU.ActiveCfg = Release|Any CPU
		{88ED065F-5F34-4123-BDFC-4B99240F0FB2}.Release|Any CPU.Build.0 = Release|Any CPU
		{068AF9A5-2476-423A-8FD9-06915D22B877}.Debug|Any CPU.ActiveCfg = Debug|Any CPU
		{068AF9A5-2476-423A-8FD9-06915D22B877}.Debug|Any CPU.Build.0 = Debug|Any CPU
		{068AF9A5-2476-423A-8FD9-06915D22B877}.Release|Any CPU.ActiveCfg = Release|Any CPU
		{068AF9A5-2476-423A-8FD9-06915D22B877}.Release|Any CPU.Build.0 = Release|Any CPU
	EndGlobalSection
	GlobalSection(SolutionProperties) = preSolution
		HideSolutionNode = FALSE
	EndGlobalSection
	GlobalSection(NestedProjects) = preSolution
		{12F4D99D-5EB6-4382-9FF9-39485F6CA25D} = {B40598F7-CDA8-47C8-93D6-CC7BA3AAF761}
		{A699C48F-6F2D-41FD-A646-FA32260CC5A0} = {B40598F7-CDA8-47C8-93D6-CC7BA3AAF761}
		{49BA0494-32AA-4495-9CCB-D7FEA2931319} = {CAA3E305-2A33-4B25-81BE-7C178631AE67}
		{88ED065F-5F34-4123-BDFC-4B99240F0FB2} = {CAA3E305-2A33-4B25-81BE-7C178631AE67}
		{068AF9A5-2476-423A-8FD9-06915D22B877} = {CAA3E305-2A33-4B25-81BE-7C178631AE67}
	EndGlobalSection
	GlobalSection(ExtensibilityGlobals) = postSolution
		SolutionGuid = {EC5A3276-9B6E-4731-A327-7C14E97D33BA}
	EndGlobalSection
EndGlobal
